
Microsoft Visual Studio Solution File, Format Version 12.00
# Visual Studio 15
VisualStudioVersion = 15.0.28307.1684
MinimumVisualStudioVersion = 10.0.40219.1
Project("{FAE04EC0-301F-11D3-BF4B-00C04F79EFBC}") = "FED1StudioProjectVer_2", "FED1StudioProjectVer_2\FED1StudioProjectVer_2.csproj", "{B88448AE-2D93-479D-A635-2EC884863BDA}"
EndProject
Global
	GlobalSection(SolutionConfigurationPlatforms) = preSolution
		Debug|Any CPU = Debug|Any CPU
		Release|Any CPU = Release|Any CPU
	EndGlobalSection
	GlobalSection(ProjectConfigurationPlatforms) = postSolution
		{B88448AE-2D93-479D-A635-2EC884863BDA}.Debug|Any CPU.ActiveCfg = Debug|Any CPU
		{B88448AE-2D93-479D-A635-2EC884863BDA}.Debug|Any CPU.Build.0 = Debug|Any CPU
		{B88448AE-2D93-479D-A635-2EC884863BDA}.Release|Any CPU.ActiveCfg = Release|Any CPU
		{B88448AE-2D93-479D-A635-2EC884863BDA}.Release|Any CPU.Build.0 = Release|Any CPU
	EndGlobalSection
	GlobalSection(SolutionProperties) = preSolution
		HideSolutionNode = FALSE
	EndGlobalSection
	GlobalSection(ExtensibilityGlobals) = postSolution
		SolutionGuid = {7E9CC0FB-FE49-43CB-B9CD-6052EA6934FC}
	EndGlobalSection
EndGlobal
